
Microsoft Visual Studio Solution File, Format Version 12.00
# Visual Studio 15
VisualStudioVersion = 15.0.26730.16
MinimumVisualStudioVersion = 10.0.40219.1
Project("{FAE04EC0-301F-11D3-BF4B-00C04F79EFBC}") = "Monopoly", "Monopoly.csproj", "{D37C6E3D-9094-4E7F-A7D9-493D214F9738}"
EndProject
Global
	GlobalSection(SolutionConfigurationPlatforms) = preSolution
		Debug|Any CPU = Debug|Any CPU
		Release|Any CPU = Release|Any CPU
	EndGlobalSection
	GlobalSection(ProjectConfigurationPlatforms) = postSolution
		{D37C6E3D-9094-4E7F-A7D9-493D214F9738}.Debug|Any CPU.ActiveCfg = Debug|Any CPU
		{D37C6E3D-9094-4E7F-A7D9-493D214F9738}.Debug|Any CPU.Build.0 = Debug|Any CPU
		{D37C6E3D-9094-4E7F-A7D9-493D214F9738}.Release|Any CPU.ActiveCfg = Release|Any CPU
		{D37C6E3D-9094-4E7F-A7D9-493D214F9738}.Release|Any CPU.Build.0 = Release|Any CPU
	EndGlobalSection
	GlobalSection(SolutionProperties) = preSolution
		HideSolutionNode = FALSE
	EndGlobalSection
	GlobalSection(ExtensibilityGlobals) = postSolution
		SolutionGuid = {D10C8582-8761-4D12-A1CC-24ECE3FF65A4}
	EndGlobalSection
EndGlobal
